
Microsoft Visual Studio Solution File, Format Version 12.00
# Visual Studio Version 17
VisualStudioVersion = 17.5.33414.496
MinimumVisualStudioVersion = 10.0.40219.1
Project("{FAE04EC0-301F-11D3-BF4B-00C04F79EFBC}") = "FashionShop_BE", "FashionShop_BE\FashionShop_BE.csproj", "{009A49E0-7E93-4058-B3B1-C8D8A9995391}"
EndProject
Global
	GlobalSection(SolutionConfigurationPlatforms) = preSolution
		Debug|Any CPU = Debug|Any CPU
		Release|Any CPU = Release|Any CPU
	EndGlobalSection
	GlobalSection(ProjectConfigurationPlatforms) = postSolution
		{009A49E0-7E93-4058-B3B1-C8D8A9995391}.Debug|Any CPU.ActiveCfg = Debug|Any CPU
		{009A49E0-7E93-4058-B3B1-C8D8A9995391}.Debug|Any CPU.Build.0 = Debug|Any CPU
		{009A49E0-7E93-4058-B3B1-C8D8A9995391}.Release|Any CPU.ActiveCfg = Release|Any CPU
		{009A49E0-7E93-4058-B3B1-C8D8A9995391}.Release|Any CPU.Build.0 = Release|Any CPU
	EndGlobalSection
	GlobalSection(SolutionProperties) = preSolution
		HideSolutionNode = FALSE
	EndGlobalSection
	GlobalSection(ExtensibilityGlobals) = postSolution
		SolutionGuid = {BD93F01F-CE21-4057-AD8F-38E0BD04AA46}
	EndGlobalSection
EndGlobal
